
Microsoft Visual Studio Solution File, Format Version 12.00
# Visual Studio Version 16
VisualStudioVersion = 16.0.30309.148
MinimumVisualStudioVersion = 10.0.40219.1
Project("{FAE04EC0-301F-11D3-BF4B-00C04F79EFBC}") = "MiPrimerAPINetCore", "MiPrimerAPINetCore\MiPrimerAPINetCore.csproj", "{80BEEA9D-5BE0-4738-9737-966BBBB12B32}"
EndProject
Global
	GlobalSection(SolutionConfigurationPlatforms) = preSolution
		Debug|Any CPU = Debug|Any CPU
		Release|Any CPU = Release|Any CPU
	EndGlobalSection
	GlobalSection(ProjectConfigurationPlatforms) = postSolution
		{80BEEA9D-5BE0-4738-9737-966BBBB12B32}.Debug|Any CPU.ActiveCfg = Debug|Any CPU
		{80BEEA9D-5BE0-4738-9737-966BBBB12B32}.Debug|Any CPU.Build.0 = Debug|Any CPU
		{80BEEA9D-5BE0-4738-9737-966BBBB12B32}.Release|Any CPU.ActiveCfg = Release|Any CPU
		{80BEEA9D-5BE0-4738-9737-966BBBB12B32}.Release|Any CPU.Build.0 = Release|Any CPU
	EndGlobalSection
	GlobalSection(SolutionProperties) = preSolution
		HideSolutionNode = FALSE
	EndGlobalSection
	GlobalSection(ExtensibilityGlobals) = postSolution
		SolutionGuid = {0F62C027-641A-4593-B08A-3AC19DDBF1FE}
	EndGlobalSection
EndGlobal
